{
  "originHash" : "e4899ad9a514143ef6458083b05a6bceeae3985ec91d3c9abfd507efb3d1569c",
  "pins" : [
    {
      "identity" : "kingfisher",
      "kind" : "remoteSourceControl",
      "location" : "https://github.com/onevcat/Kingfisher",
      "state" : {
        "revision" : "c152c1915f60c51e4afa0752656993ee5b3c63db",
        "version" : "8.8.1"
      }
    }
  ],
  "version" : 3
}
